{
  "requires": true,
  "lockfileVersion": 1,
  "dependencies": {
    "commander": {
      "version": "6.2.0",
      "resolved": "https://registry.npm.taobao.org/commander/download/commander-6.2.0.tgz?cache=0&sync_timestamp=1603599581184&other_urls=https%3A%2F%2Fregistry.npm.taobao.org%2Fcommander%2Fdownload%2Fcommander-6.2.0.tgz",
      "integrity": "sha1-uZC/uKwDCu3G0RvATRSI/+9W23U="
    },
    "mockjs": {
      "version": "1.1.0",
      "resolved": "https://registry.npm.taobao.org/mockjs/download/mockjs-1.1.0.tgz?cache=0&sync_timestamp=1571970335876&other_urls=https%3A%2F%2Fregistry.npm.taobao.org%2Fmockjs%2Fdownload%2Fmockjs-1.1.0.tgz",
      "integrity": "sha1-5qDDeOkZBtuv8gkRzAJzs8fXWwY=",
      "requires": {
        "commander": "*"
      }
    }
  }
}
