{
  "requires": true,
  "lockfileVersion": 1,
  "dependencies": {
    "weui": {
      "version": "2.4.1",
      "resolved": "https://registry.npmjs.org/weui/-/weui-2.4.1.tgz",
      "integrity": "sha512-iZsJovpPCqRqyX/Mud0ZgtT3ssUFP3zzELylXHfMlbYNrtn2Eumw168k+cq3uYtvaQLKLn3IMaDnOu4zFuNq3g=="
    }
  }
}
